
Microsoft Visual Studio Solution File, Format Version 12.00
# Visual Studio Version 17
VisualStudioVersion = 17.13.35931.197 d17.13
MinimumVisualStudioVersion = 10.0.40219.1
Project("{FAE04EC0-301F-11D3-BF4B-00C04F79EFBC}") = "NotikaIdentityEmail", "NotikaIdentityEmail\NotikaIdentityEmail.csproj", "{5818B7C0-5E0E-4829-B932-82D93E8C1938}"
EndProject
Global
	GlobalSection(SolutionConfigurationPlatforms) = preSolution
		Debug|Any CPU = Debug|Any CPU
		Release|Any CPU = Release|Any CPU
	EndGlobalSection
	GlobalSection(ProjectConfigurationPlatforms) = postSolution
		{5818B7C0-5E0E-4829-B932-82D93E8C1938}.Debug|Any CPU.ActiveCfg = Debug|Any CPU
		{5818B7C0-5E0E-4829-B932-82D93E8C1938}.Debug|Any CPU.Build.0 = Debug|Any CPU
		{5818B7C0-5E0E-4829-B932-82D93E8C1938}.Release|Any CPU.ActiveCfg = Release|Any CPU
		{5818B7C0-5E0E-4829-B932-82D93E8C1938}.Release|Any CPU.Build.0 = Release|Any CPU
	EndGlobalSection
	GlobalSection(SolutionProperties) = preSolution
		HideSolutionNode = FALSE
	EndGlobalSection
	GlobalSection(ExtensibilityGlobals) = postSolution
		SolutionGuid = {C4AFA5DA-6980-4FED-A028-439DBA51604D}
	EndGlobalSection
EndGlobal
